
Microsoft Visual Studio Solution File, Format Version 12.00
# Visual Studio Version 17
VisualStudioVersion = 17.13.35825.156 d17.13
MinimumVisualStudioVersion = 10.0.40219.1
Project("{8BC9CEB8-8B4A-11D0-8D11-00A0C91BC942}") = "JT_Project", "JT_Project\JT_Project.vcxproj", "{E7FCA867-D2A1-4684-82E9-167E440A4DC0}"
EndProject
Global
	GlobalSection(SolutionConfigurationPlatforms) = preSolution
		Debug|x64 = Debug|x64
		Debug|x86 = Debug|x86
		Release|x64 = Release|x64
		Release|x86 = Release|x86
	EndGlobalSection
	GlobalSection(ProjectConfigurationPlatforms) = postSolution
		{E7FCA867-D2A1-4684-82E9-167E440A4DC0}.Debug|x64.ActiveCfg = Debug|x64
		{E7FCA867-D2A1-4684-82E9-167E440A4DC0}.Debug|x64.Build.0 = Debug|x64
		{E7FCA867-D2A1-4684-82E9-167E440A4DC0}.Debug|x86.ActiveCfg = Debug|Win32
		{E7FCA867-D2A1-4684-82E9-167E440A4DC0}.Debug|x86.Build.0 = Debug|Win32
		{E7FCA867-D2A1-4684-82E9-167E440A4DC0}.Release|x64.ActiveCfg = Release|x64
		{E7FCA867-D2A1-4684-82E9-167E440A4DC0}.Release|x64.Build.0 = Release|x64
		{E7FCA867-D2A1-4684-82E9-167E440A4DC0}.Release|x86.ActiveCfg = Release|Win32
		{E7FCA867-D2A1-4684-82E9-167E440A4DC0}.Release|x86.Build.0 = Release|Win32
	EndGlobalSection
	GlobalSection(SolutionProperties) = preSolution
		HideSolutionNode = FALSE
	EndGlobalSection
	GlobalSection(ExtensibilityGlobals) = postSolution
		SolutionGuid = {AC618851-568B-4B3A-B180-7597616749A7}
	EndGlobalSection
EndGlobal
